
Microsoft Visual Studio Solution File, Format Version 12.00
# Visual Studio Version 17
VisualStudioVersion = 17.12.35527.113 d17.12
MinimumVisualStudioVersion = 10.0.40219.1
Project("{FAE04EC0-301F-11D3-BF4B-00C04F79EFBC}") = "SpecFlowFrameWork", "SpecFlowFrameWork.csproj", "{DBB37A15-9E7C-4392-BFE1-712FE5F907FF}"
EndProject
Global
	GlobalSection(SolutionConfigurationPlatforms) = preSolution
		Debug|Any CPU = Debug|Any CPU
		Release|Any CPU = Release|Any CPU
	EndGlobalSection
	GlobalSection(ProjectConfigurationPlatforms) = postSolution
		{DBB37A15-9E7C-4392-BFE1-712FE5F907FF}.Debug|Any CPU.ActiveCfg = Debug|Any CPU
		{DBB37A15-9E7C-4392-BFE1-712FE5F907FF}.Debug|Any CPU.Build.0 = Debug|Any CPU
		{DBB37A15-9E7C-4392-BFE1-712FE5F907FF}.Release|Any CPU.ActiveCfg = Release|Any CPU
		{DBB37A15-9E7C-4392-BFE1-712FE5F907FF}.Release|Any CPU.Build.0 = Release|Any CPU
	EndGlobalSection
	GlobalSection(SolutionProperties) = preSolution
		HideSolutionNode = FALSE
	EndGlobalSection
EndGlobal
